Microsoft Visual Studio Solution File, Format Version 12.00
# Visual Studio Version 17
VisualStudioVersion = 17.5.2.0
MinimumVisualStudioVersion = 10.0.40219.1
Project("{FAE04EC0-301F-11D3-BF4B-00C04F79EFBC}") = "logo-validator-mcp", "logo-validator-mcp.csproj", "{F089A0EB-90B0-686D-A09D-EF009B732C56}"
EndProject
Global
	GlobalSection(SolutionConfigurationPlatforms) = preSolution
		Debug|Any CPU = Debug|Any CPU
		Release|Any CPU = Release|Any CPU
	EndGlobalSection
	GlobalSection(ProjectConfigurationPlatforms) = postSolution
		{F089A0EB-90B0-686D-A09D-EF009B732C56}.Debug|Any CPU.ActiveCfg = Debug|Any CPU
		{F089A0EB-90B0-686D-A09D-EF009B732C56}.Debug|Any CPU.Build.0 = Debug|Any CPU
		{F089A0EB-90B0-686D-A09D-EF009B732C56}.Release|Any CPU.ActiveCfg = Release|Any CPU
		{F089A0EB-90B0-686D-A09D-EF009B732C56}.Release|Any CPU.Build.0 = Release|Any CPU
	EndGlobalSection
	GlobalSection(SolutionProperties) = preSolution
		HideSolutionNode = FALSE
	EndGlobalSection
	GlobalSection(ExtensibilityGlobals) = postSolution
		SolutionGuid = {00DA0F6F-2506-4774-A3D1-44B2092D9C11}
	EndGlobalSection
EndGlobal
